
Microsoft Visual Studio Solution File, Format Version 12.00
# Visual Studio Version 17
VisualStudioVersion = 17.5.33627.172
MinimumVisualStudioVersion = 10.0.40219.1
Project("{FAE04EC0-301F-11D3-BF4B-00C04F79EFBC}") = "Example exercises", "Example exercises.csproj", "{C7515B52-8CF7-4F4B-9FBE-CEDBC6E0B018}"
EndProject
Global
	GlobalSection(SolutionConfigurationPlatforms) = preSolution
		Debug|Any CPU = Debug|Any CPU
		Release|Any CPU = Release|Any CPU
	EndGlobalSection
	GlobalSection(ProjectConfigurationPlatforms) = postSolution
		{C7515B52-8CF7-4F4B-9FBE-CEDBC6E0B018}.Debug|Any CPU.ActiveCfg = Debug|Any CPU
		{C7515B52-8CF7-4F4B-9FBE-CEDBC6E0B018}.Debug|Any CPU.Build.0 = Debug|Any CPU
		{C7515B52-8CF7-4F4B-9FBE-CEDBC6E0B018}.Release|Any CPU.ActiveCfg = Release|Any CPU
		{C7515B52-8CF7-4F4B-9FBE-CEDBC6E0B018}.Release|Any CPU.Build.0 = Release|Any CPU
	EndGlobalSection
	GlobalSection(SolutionProperties) = preSolution
		HideSolutionNode = FALSE
	EndGlobalSection
	GlobalSection(ExtensibilityGlobals) = postSolution
		SolutionGuid = {4F2C235F-6F69-43E9-A549-DCA9F16F8AEF}
	EndGlobalSection
EndGlobal
